
Microsoft Visual Studio Solution File, Format Version 12.00
# Visual Studio Version 16
VisualStudioVersion = 16.0.30804.86
MinimumVisualStudioVersion = 10.0.40219.1
Project("{FAE04EC0-301F-11D3-BF4B-00C04F79EFBC}") = "Game_01", "Game_01\Game_01.csproj", "{EC1356FB-967C-4F7E-A107-C597CA28D5EB}"
EndProject
Global
	GlobalSection(SolutionConfigurationPlatforms) = preSolution
		Debug|Any CPU = Debug|Any CPU
		Release|Any CPU = Release|Any CPU
	EndGlobalSection
	GlobalSection(ProjectConfigurationPlatforms) = postSolution
		{EC1356FB-967C-4F7E-A107-C597CA28D5EB}.Debug|Any CPU.ActiveCfg = Debug|Any CPU
		{EC1356FB-967C-4F7E-A107-C597CA28D5EB}.Debug|Any CPU.Build.0 = Debug|Any CPU
		{EC1356FB-967C-4F7E-A107-C597CA28D5EB}.Release|Any CPU.ActiveCfg = Release|Any CPU
		{EC1356FB-967C-4F7E-A107-C597CA28D5EB}.Release|Any CPU.Build.0 = Release|Any CPU
	EndGlobalSection
	GlobalSection(SolutionProperties) = preSolution
		HideSolutionNode = FALSE
	EndGlobalSection
	GlobalSection(ExtensibilityGlobals) = postSolution
		SolutionGuid = {8B9FBCC9-54DE-44CD-BE29-F36775AE5E8D}
	EndGlobalSection
EndGlobal
